PODS:
  - Alamofire (4.7.3)
  - Charts (3.1.1):
    - Charts/Core (= 3.1.1)
  - Charts/Core (3.1.1)
  - IQKeyboardManager (6.2.0)
  - ReachabilitySwift (4.3.0)
  - Realm (3.11.1):
    - Realm/Headers (= 3.11.1)
  - Realm/Headers (3.11.1)
  - RealmSwift (3.11.1):
    - Realm (= 3.11.1)
  - SnapKit (4.0.1)
  - SVProgressHUD (2.2.5)
  - SwiftyJSON (4.2.0)

DEPENDENCIES:
  - Alamofire (~> 4.7)
  - Charts (~> 3.1.1)
  - IQKeyboardManager
  - ReachabilitySwift
  - RealmSwift
  - SnapKit (~> 4.0.0)
  - SVProgressHUD
  - SwiftyJSON (~> 4.0)

SPEC REPOS:
  https://github.com/cocoapods/specs.git:
    - Alamofire
    - Charts
    - IQKeyboardManager
    - ReachabilitySwift
    - Realm
    - RealmSwift
    - SnapKit
    - SVProgressHUD
    - SwiftyJSON

SPEC CHECKSUMS:
  Alamofire: c7287b6e5d7da964a70935e5db17046b7fde6568
  Charts: 90a4d61da0f6e06684c591e3bcab11940fe61736
  IQKeyboardManager: 6194101620b73af5e67900b8f89707a99de0b804
  ReachabilitySwift: 408477d1b6ed9779dba301953171e017c31241f3
  Realm: 037c5919b9ceb59d6beed5d3b031096856b119b3
  RealmSwift: c9580133e73ef40ed340401af2dbc9a5790dfea7
  SnapKit: 0de968a9fec17499afa29683b05d0c775b6d1c29
  SVProgressHUD: 1428aafac632c1f86f62aa4243ec12008d7a51d6
  SwiftyJSON: c4bcba26dd9ec7a027fc8eade48e2c911f229e96

PODFILE CHECKSUM: 07a449e8f9a149898b0f5109351e57ff6085943b

COCOAPODS: 1.5.3
